{
  "iloader": {
    "asset": "iloader-linux-x86_64.rpm",
    "repository": "nab138/iloader",
    "sha256": "444ed4365a760d59185762af756f2a5a49655cfd33e7d1bcbdb328ce37402eca",
    "tag": "v2.3.1",
    "url": "https://github.com/nab138/iloader/releases/download/v2.3.1/iloader-linux-x86_64.rpm"
  },
  "mtkclient": {
    "commit": "5a863eece86fcaa97cb8325cf747e0aae3c307e4",
    "repository": "bkerler/mtkclient",
    "tag": "v2.1.4.1"
  },
  "odin4": {
    "asset": "odin4_x86_64_7.3.0-a46321b",
    "repository": "Llucs/odin4",
    "sha256": "5e3afc7dcf339c1eebd019627a0cdf07ea413495a101250cbf5fa2222186ad00",
    "tag": "v7.3.0",
    "url": "https://github.com/Llucs/odin4/releases/download/v7.3.0/odin4_x86_64_7.3.0-a46321b"
  },
  "samloader": {
    "asset": "samloader-v2.0.0+lineage-next.0-linux-x86_64.zip",
    "repository": "lineage-next/samloader-rs",
    "sha256": "57639a038b258f1a80a1dfe2d53955c96c76b11f4db8bfc33ccfd353307f77f1",
    "tag": "2.0.0+lineage-next.0",
    "url": "https://github.com/lineage-next/samloader-rs/releases/download/2.0.0%2Blineage-next.0/samloader-v2.0.0%2Blineage-next.0-linux-x86_64.zip"
  },
  "sp-flash-tool": {
    "channel": "v5-linux",
    "sha256": "18b11eed341fd57feb7fbc58a7b8eb93429bacc7d25a993878af8a0b6e98df10",
    "url": "https://cdn.spflashtools.com/wp-content/uploads/SP_Flash_Tool_v5.2228_Linux.zip",
    "version": "5.2228"
  },
  "uad-ng": {
    "asset": "uad-ng-linux",
    "repository": "Universal-Debloater-Alliance/universal-android-debloater-next-generation",
    "sha256": "8a87865ca150749c5c80644d0fd0c32789407b1329fbb9ea7adc46d8cc3884de",
    "tag": "v1.2.0",
    "url": "https://github.com/Universal-Debloater-Alliance/universal-android-debloater-next-generation/releases/download/v1.2.0/uad-ng-linux"
  }
}
